
Microsoft Visual Studio Solution File, Format Version 12.00
# Visual Studio Version 17
VisualStudioVersion = 17.9.34728.123
MinimumVisualStudioVersion = 10.0.40219.1
Project("{FAE04EC0-301F-11D3-BF4B-00C04F79EFBC}") = "FileUploadTest", "FileUploadTest.csproj", "{13246667-E19A-4096-9814-59491393B55C}"
EndProject
Global
	GlobalSection(SolutionConfigurationPlatforms) = preSolution
		Debug|Any CPU = Debug|Any CPU
		Release|Any CPU = Release|Any CPU
	EndGlobalSection
	GlobalSection(ProjectConfigurationPlatforms) = postSolution
		{13246667-E19A-4096-9814-59491393B55C}.Debug|Any CPU.ActiveCfg = Debug|Any CPU
		{13246667-E19A-4096-9814-59491393B55C}.Debug|Any CPU.Build.0 = Debug|Any CPU
		{13246667-E19A-4096-9814-59491393B55C}.Release|Any CPU.ActiveCfg = Release|Any CPU
		{13246667-E19A-4096-9814-59491393B55C}.Release|Any CPU.Build.0 = Release|Any CPU
	EndGlobalSection
	GlobalSection(SolutionProperties) = preSolution
		HideSolutionNode = FALSE
	EndGlobalSection
	GlobalSection(ExtensibilityGlobals) = postSolution
		SolutionGuid = {5E74EDED-F3B5-4E27-ACC4-F33B6D46261E}
	EndGlobalSection
EndGlobal
